// !$*UTF8*$!
{
	archiveVersion = 1;
	classes = {
	};
	objectVersion = 54;
	objects = {

/* Begin PBXBuildFile section */
		3310BE761EB581D90005D8BE /* Utils.swift in Sources */ = {isa = PBXBuildFile; fileRef = 3310BE751EB581D90005D8BE /* Utils.swift */; };
		3310BE781EB582090005D8BE /* ProductColor.swift in Sources */ = {isa = PBXBuildFile; fileRef = 3310BE771EB582090005D8BE /* ProductColor.swift */; };
		3310BE7A1EB582450005D8BE /* Shipping.swift in Sources */ = {isa = PBXBuildFile; fileRef = 3310BE791EB582450005D8BE /* Shipping.swift */; };
		3310BE7C1EB5F0450005D8BE /* CatalogueViewController.swift in Sources */ = {isa = PBXBuildFile; fileRef = 3310BE7B1EB5F0450005D8BE /* CatalogueViewController.swift */; };
		3310BE7E1EB5F2080005D8BE /* catalogue.json in Resources */ = {isa = PBXBuildFile; fileRef = 3310BE7D1EB5F2080005D8BE /* catalogue.json */; };
		3310BE7F1EB5FCCD0005D8BE /* catalogue.json in Resources */ = {isa = PBXBuildFile; fileRef = 3310BE7D1EB5F2080005D8BE /* catalogue.json */; };
		3310BE971EB6310F0005D8BE /* Detail.storyboard in Resources */ = {isa = PBXBuildFile; fileRef = 3310BE951EB6310F0005D8BE /* Detail.storyboard */; };
		3310BE9A1EB631D30005D8BE /* WishListController.swift in Sources */ = {isa = PBXBuildFile; fileRef = 3310BE991EB631D30005D8BE /* WishListController.swift */; };
		3310BE9C1EB633540005D8BE /* ProductViewController.swift in Sources */ = {isa = PBXBuildFile; fileRef = 3310BE9B1EB633540005D8BE /* ProductViewController.swift */; };
		333FCEA81EB6C48D0096AC16 /* CatalogueCollectionViewCell.swift in Sources */ = {isa = PBXBuildFile; fileRef = 333FCEA71EB6C48D0096AC16 /* CatalogueCollectionViewCell.swift */; };
		333FCEAA1EB6D4D70096AC16 /* WishListTableViewCell.swift in Sources */ = {isa = PBXBuildFile; fileRef = 333FCEA91EB6D4D70096AC16 /* WishListTableViewCell.swift */; };
		333FCEAC1EB6D5370096AC16 /* ProductTableViewCell.swift in Sources */ = {isa = PBXBuildFile; fileRef = 333FCEAB1EB6D5370096AC16 /* ProductTableViewCell.swift */; };
		333FCEAE1EB6D5590096AC16 /* ProductDetailTableViewCell.swift in Sources */ = {isa = PBXBuildFile; fileRef = 333FCEAD1EB6D5590096AC16 /* ProductDetailTableViewCell.swift */; };
		333FCEB01EB6D5750096AC16 /* ProductRateTableViewCell.swift in Sources */ = {isa = PBXBuildFile; fileRef = 333FCEAF1EB6D5750096AC16 /* ProductRateTableViewCell.swift */; };
		333FCEB21EB6D5AB0096AC16 /* ActionTableViewCell.swift in Sources */ = {isa = PBXBuildFile; fileRef = 333FCEB11EB6D5AB0096AC16 /* ActionTableViewCell.swift */; };
		333FCEB41EB6D66D0096AC16 /* CheckOutTableViewCell.swift in Sources */ = {isa = PBXBuildFile; fileRef = 333FCEB31EB6D66D0096AC16 /* CheckOutTableViewCell.swift */; };
		333FCEB71EB770A30096AC16 /* ColoursTableViewCell.swift in Sources */ = {isa = PBXBuildFile; fileRef = 333FCEB61EB770A30096AC16 /* ColoursTableViewCell.swift */; };
		3360844B1EB8095500AFB3AA /* RatingControl.swift in Sources */ = {isa = PBXBuildFile; fileRef = 3360844A1EB8095500AFB3AA /* RatingControl.swift */; };
		3360844D1EB818E800AFB3AA /* ProductViewModel.swift in Sources */ = {isa = PBXBuildFile; fileRef = 3360844C1EB818E800AFB3AA /* ProductViewModel.swift */; };
		336084541EB838D900AFB3AA /* WhishListFooterView.swift in Sources */ = {isa = PBXBuildFile; fileRef = 336084521EB838D900AFB3AA /* WhishListFooterView.swift */; };
		336084551EB838D900AFB3AA /* WhishListFooterView.xib in Resources */ = {isa = PBXBuildFile; fileRef = 336084531EB838D900AFB3AA /* WhishListFooterView.xib */; };
		33ED1AD82B801BBA0095E6BC /* SVProgressHUD in Frameworks */ = {isa = PBXBuildFile; productRef = 33ED1AD72B801BBA0095E6BC /* SVProgressHUD */; };
		33ED1ADB2B801C080095E6BC /* SwiftyJSON in Frameworks */ = {isa = PBXBuildFile; productRef = 33ED1ADA2B801C080095E6BC /* SwiftyJSON */; };
		33F270D01EB5515500ABF8EB /* AppDelegate.swift in Sources */ = {isa = PBXBuildFile; fileRef = 33F270CF1EB5515500ABF8EB /* AppDelegate.swift */; };
		33F270D51EB5515500ABF8EB /* Main.storyboard in Resources */ = {isa = PBXBuildFile; fileRef = 33F270D31EB5515500ABF8EB /* Main.storyboard */; };
		33F270D71EB5515500ABF8EB /* Assets.xcassets in Resources */ = {isa = PBXBuildFile; fileRef = 33F270D61EB5515500ABF8EB /* Assets.xcassets */; };
		33F270DA1EB5515500ABF8EB /* LaunchScreen.storyboard in Resources */ = {isa = PBXBuildFile; fileRef = 33F270D81EB5515500ABF8EB /* LaunchScreen.storyboard */; };
		33F270E51EB5515500ABF8EB /* CatalogueTests.swift in Sources */ = {isa = PBXBuildFile; fileRef = 33F270E41EB5515500ABF8EB /* CatalogueTests.swift */; };
		33F271001EB551F600ABF8EB /* CatalogueAPIDataManager.swift in Sources */ = {isa = PBXBuildFile; fileRef = 33F270F21EB551F600ABF8EB /* CatalogueAPIDataManager.swift */; };
		33F271021EB551F600ABF8EB /* CatalogueInteractor.swift in Sources */ = {isa = PBXBuildFile; fileRef = 33F270F61EB551F600ABF8EB /* CatalogueInteractor.swift */; };
		33F271031EB551F600ABF8EB /* CatalogueItem.swift in Sources */ = {isa = PBXBuildFile; fileRef = 33F270F71EB551F600ABF8EB /* CatalogueItem.swift */; };
		33F271041EB551F600ABF8EB /* CataloguePresenter.swift in Sources */ = {isa = PBXBuildFile; fileRef = 33F270F91EB551F600ABF8EB /* CataloguePresenter.swift */; };
		33F271051EB551F600ABF8EB /* CatalogueProtocols.swift in Sources */ = {isa = PBXBuildFile; fileRef = 33F270FB1EB551F600ABF8EB /* CatalogueProtocols.swift */; };
		33F271071EB551F600ABF8EB /* CatalogueWireFrame.swift in Sources */ = {isa = PBXBuildFile; fileRef = 33F270FF1EB551F600ABF8EB /* CatalogueWireFrame.swift */; };
/* End PBXBuildFile section */

/* Begin PBXContainerItemProxy section */
		33F270E11EB5515500ABF8EB /* PBXContainerItemProxy */ = {
			isa = PBXContainerItemProxy;
			containerPortal = 33F270C41EB5515500ABF8EB /* Project object */;
			proxyType = 1;
			remoteGlobalIDString = 33F270CB1EB5515500ABF8EB;
			remoteInfo = Catalogue;
		};
/* End PBXContainerItemProxy section */

/* Begin PBXFileReference section */
		3310BE751EB581D90005D8BE /* Utils.swift */ = {isa = PBXFileReference; fileEncoding = 4; lastKnownFileType = sourcecode.swift; path = Utils.swift; sourceTree = "<group>"; };
		3310BE771EB582090005D8BE /* ProductColor.swift */ = {isa = PBXFileReference; fileEncoding = 4; lastKnownFileType = sourcecode.swift; path = ProductColor.swift; sourceTree = "<group>"; };
		3310BE791EB582450005D8BE /* Shipping.swift */ = {isa = PBXFileReference; fileEncoding = 4; lastKnownFileType = sourcecode.swift; path = Shipping.swift; sourceTree = "<group>"; };
		3310BE7B1EB5F0450005D8BE /* CatalogueViewController.swift */ = {isa = PBXFileReference; fileEncoding = 4; lastKnownFileType = sourcecode.swift; path = CatalogueViewController.swift; sourceTree = "<group>"; };
		3310BE7D1EB5F2080005D8BE /* catalogue.json */ = {isa = PBXFileReference; fileEncoding = 4; lastKnownFileType = text.json; path = catalogue.json; sourceTree = "<group>"; };
		3310BE941EB626F70005D8BE /* Catalogue-Bridging-Header.h */ = {isa = PBXFileReference; lastKnownFileType = sourcecode.c.h; path = "Catalogue-Bridging-Header.h"; sourceTree = "<group>"; };
		3310BE961EB6310F0005D8BE /* Base */ = {isa = PBXFileReference; lastKnownFileType = file.storyboard; name = Base; path = Base.lproj/Detail.storyboard; sourceTree = "<group>"; };
		3310BE991EB631D30005D8BE /* WishListController.swift */ = {isa = PBXFileReference; fileEncoding = 4; lastKnownFileType = sourcecode.swift; path = WishListController.swift; sourceTree = "<group>"; };
		3310BE9B1EB633540005D8BE /* ProductViewController.swift */ = {isa = PBXFileReference; fileEncoding = 4; lastKnownFileType = sourcecode.swift; path = ProductViewController.swift; sourceTree = "<group>"; };
		333FCEA71EB6C48D0096AC16 /* CatalogueCollectionViewCell.swift */ = {isa = PBXFileReference; fileEncoding = 4; lastKnownFileType = sourcecode.swift; path = CatalogueCollectionViewCell.swift; sourceTree = "<group>"; };
		333FCEA91EB6D4D70096AC16 /* WishListTableViewCell.swift */ = {isa = PBXFileReference; fileEncoding = 4; lastKnownFileType = sourcecode.swift; path = WishListTableViewCell.swift; sourceTree = "<group>"; };
		333FCEAB1EB6D5370096AC16 /* ProductTableViewCell.swift */ = {isa = PBXFileReference; fileEncoding = 4; lastKnownFileType = sourcecode.swift; path = ProductTableViewCell.swift; sourceTree = "<group>"; };
		333FCEAD1EB6D5590096AC16 /* ProductDetailTableViewCell.swift */ = {isa = PBXFileReference; fileEncoding = 4; lastKnownFileType = sourcecode.swift; path = ProductDetailTableViewCell.swift; sourceTree = "<group>"; };
		333FCEAF1EB6D5750096AC16 /* ProductRateTableViewCell.swift */ = {isa = PBXFileReference; fileEncoding = 4; lastKnownFileType = sourcecode.swift; path = ProductRateTableViewCell.swift; sourceTree = "<group>"; };
		333FCEB11EB6D5AB0096AC16 /* ActionTableViewCell.swift */ = {isa = PBXFileReference; fileEncoding = 4; lastKnownFileType = sourcecode.swift; path = ActionTableViewCell.swift; sourceTree = "<group>"; };
		333FCEB31EB6D66D0096AC16 /* CheckOutTableViewCell.swift */ = {isa = PBXFileReference; fileEncoding = 4; lastKnownFileType = sourcecode.swift; path = CheckOutTableViewCell.swift; sourceTree = "<group>"; };
		333FCEB61EB770A30096AC16 /* ColoursTableViewCell.swift */ = {isa = PBXFileReference; fileEncoding = 4; lastKnownFileType = sourcecode.swift; path = ColoursTableViewCell.swift; sourceTree = "<group>"; };
		3360844A1EB8095500AFB3AA /* RatingControl.swift */ = {isa = PBXFileReference; fileEncoding = 4; lastKnownFileType = sourcecode.swift; path = RatingControl.swift; sourceTree = "<group>"; };
		3360844C1EB818E800AFB3AA /* ProductViewModel.swift */ = {isa = PBXFileReference; fileEncoding = 4; lastKnownFileType = sourcecode.swift; path = ProductViewModel.swift; sourceTree = "<group>"; };
		336084521EB838D900AFB3AA /* WhishListFooterView.swift */ = {isa = PBXFileReference; fileEncoding = 4; lastKnownFileType = sourcecode.swift; path = WhishListFooterView.swift; sourceTree = "<group>"; };
		336084531EB838D900AFB3AA /* WhishListFooterView.xib */ = {isa = PBXFileReference; fileEncoding = 4; lastKnownFileType = file.xib; path = WhishListFooterView.xib; sourceTree = "<group>"; };
		33F270CC1EB5515500ABF8EB /* Catalogue.app */ = {isa = PBXFileReference; explicitFileType = wrapper.application; includeInIndex = 0; path = Catalogue.app; sourceTree = BUILT_PRODUCTS_DIR; };
		33F270CF1EB5515500ABF8EB /* AppDelegate.swift */ = {isa = PBXFileReference; lastKnownFileType = sourcecode.swift; path = AppDelegate.swift; sourceTree = "<group>"; };
		33F270D41EB5515500ABF8EB /* Base */ = {isa = PBXFileReference; lastKnownFileType = file.storyboard; name = Base; path = Base.lproj/Main.storyboard; sourceTree = "<group>"; };
		33F270D61EB5515500ABF8EB /* Assets.xcassets */ = {isa = PBXFileReference; lastKnownFileType = folder.assetcatalog; path = Assets.xcassets; sourceTree = "<group>"; };
		33F270D91EB5515500ABF8EB /* Base */ = {isa = PBXFileReference; lastKnownFileType = file.storyboard; name = Base; path = Base.lproj/LaunchScreen.storyboard; sourceTree = "<group>"; };
		33F270DB1EB5515500ABF8EB /* Info.plist */ = {isa = PBXFileReference; lastKnownFileType = text.plist.xml; path = Info.plist; sourceTree = "<group>"; };
		33F270E01EB5515500ABF8EB /* CatalogueTests.xctest */ = {isa = PBXFileReference; explicitFileType = wrapper.cfbundle; includeInIndex = 0; path = CatalogueTests.xctest; sourceTree = BUILT_PRODUCTS_DIR; };
		33F270E41EB5515500ABF8EB /* CatalogueTests.swift */ = {isa = PBXFileReference; lastKnownFileType = sourcecode.swift; path = CatalogueTests.swift; sourceTree = "<group>"; };
		33F270E61EB5515500ABF8EB /* Info.plist */ = {isa = PBXFileReference; lastKnownFileType = text.plist.xml; path = Info.plist; sourceTree = "<group>"; };
		33F270F21EB551F600ABF8EB /* CatalogueAPIDataManager.swift */ = {isa = PBXFileReference; fileEncoding = 4; lastKnownFileType = sourcecode.swift; path = CatalogueAPIDataManager.swift; sourceTree = "<group>"; };
		33F270F61EB551F600ABF8EB /* CatalogueInteractor.swift */ = {isa = PBXFileReference; fileEncoding = 4; lastKnownFileType = sourcecode.swift; path = CatalogueInteractor.swift; sourceTree = "<group>"; };
		33F270F71EB551F600ABF8EB /* CatalogueItem.swift */ = {isa = PBXFileReference; fileEncoding = 4; lastKnownFileType = sourcecode.swift; path = CatalogueItem.swift; sourceTree = "<group>"; };
		33F270F91EB551F600ABF8EB /* CataloguePresenter.swift */ = {isa = PBXFileReference; fileEncoding = 4; lastKnownFileType = sourcecode.swift; path = CataloguePresenter.swift; sourceTree = "<group>"; };
		33F270FB1EB551F600ABF8EB /* CatalogueProtocols.swift */ = {isa = PBXFileReference; fileEncoding = 4; lastKnownFileType = sourcecode.swift; path = CatalogueProtocols.swift; sourceTree = "<group>"; };
		33F270FF1EB551F600ABF8EB /* CatalogueWireFrame.swift */ = {isa = PBXFileReference; fileEncoding = 4; lastKnownFileType = sourcecode.swift; path = CatalogueWireFrame.swift; sourceTree = "<group>"; };
/* End PBXFileReference section */

/* Begin PBXFrameworksBuildPhase section */
		33F270C91EB5515500ABF8EB /* Frameworks */ = {
			isa = PBXFrameworksBuildPhase;
			buildActionMask = 2147483647;
			files = (
				33ED1ADB2B801C080095E6BC /* SwiftyJSON in Frameworks */,
				33ED1AD82B801BBA0095E6BC /* SVProgressHUD in Frameworks */,
			);
			runOnlyForDeploymentPostprocessing = 0;
		};
		33F270DD1EB5515500ABF8EB /* Frameworks */ = {
			isa = PBXFrameworksBuildPhase;
			buildActionMask = 2147483647;
			files = (
			);
			runOnlyForDeploymentPostprocessing = 0;
		};
/* End PBXFrameworksBuildPhase section */

/* Begin PBXGroup section */
		3310BE741EB581BA0005D8BE /* Classes */ = {
			isa = PBXGroup;
			children = (
				3310BE751EB581D90005D8BE /* Utils.swift */,
				3310BE991EB631D30005D8BE /* WishListController.swift */,
			);
			path = Classes;
			sourceTree = "<group>";
		};
		3310BE981EB6312E0005D8BE /* ProductDetail */ = {
			isa = PBXGroup;
			children = (
				3310BE9B1EB633540005D8BE /* ProductViewController.swift */,
				3360844C1EB818E800AFB3AA /* ProductViewModel.swift */,
				333FCEAB1EB6D5370096AC16 /* ProductTableViewCell.swift */,
				333FCEAD1EB6D5590096AC16 /* ProductDetailTableViewCell.swift */,
				333FCEAF1EB6D5750096AC16 /* ProductRateTableViewCell.swift */,
				333FCEB11EB6D5AB0096AC16 /* ActionTableViewCell.swift */,
				3360844A1EB8095500AFB3AA /* RatingControl.swift */,
			);
			path = ProductDetail;
			sourceTree = "<group>";
		};
		33F270C31EB5515500ABF8EB = {
			isa = PBXGroup;
			children = (
				33F270CE1EB5515500ABF8EB /* Catalogue */,
				33F270E31EB5515500ABF8EB /* CatalogueTests */,
				33F270CD1EB5515500ABF8EB /* Products */,
				C10B4A6C5650C857F8933A91 /* Frameworks */,
			);
			sourceTree = "<group>";
		};
		33F270CD1EB5515500ABF8EB /* Products */ = {
			isa = PBXGroup;
			children = (
				33F270CC1EB5515500ABF8EB /* Catalogue.app */,
				33F270E01EB5515500ABF8EB /* CatalogueTests.xctest */,
			);
			name = Products;
			sourceTree = "<group>";
		};
		33F270CE1EB5515500ABF8EB /* Catalogue */ = {
			isa = PBXGroup;
			children = (
				33F270EF1EB551F600ABF8EB /* Catalogue */,
				3310BE741EB581BA0005D8BE /* Classes */,
				3310BE981EB6312E0005D8BE /* ProductDetail */,
				33F270CF1EB5515500ABF8EB /* AppDelegate.swift */,
				33F270D31EB5515500ABF8EB /* Main.storyboard */,
				3310BE951EB6310F0005D8BE /* Detail.storyboard */,
				33F270D61EB5515500ABF8EB /* Assets.xcassets */,
				33F270D81EB5515500ABF8EB /* LaunchScreen.storyboard */,
				33F270DB1EB5515500ABF8EB /* Info.plist */,
				3310BE7D1EB5F2080005D8BE /* catalogue.json */,
				3310BE941EB626F70005D8BE /* Catalogue-Bridging-Header.h */,
			);
			path = Catalogue;
			sourceTree = "<group>";
		};
		33F270E31EB5515500ABF8EB /* CatalogueTests */ = {
			isa = PBXGroup;
			children = (
				33F270E41EB5515500ABF8EB /* CatalogueTests.swift */,
				33F270E61EB5515500ABF8EB /* Info.plist */,
			);
			path = CatalogueTests;
			sourceTree = "<group>";
		};
		33F270EF1EB551F600ABF8EB /* Catalogue */ = {
			isa = PBXGroup;
			children = (
				33F270F01EB551F600ABF8EB /* DataManager */,
				33F270F51EB551F600ABF8EB /* Interactor */,
				33F270F81EB551F600ABF8EB /* Presenter */,
				33F270FA1EB551F600ABF8EB /* Protocols */,
				33F271081EB552F900ABF8EB /* View */,
				33F270FE1EB551F600ABF8EB /* WireFrame */,
			);
			path = Catalogue;
			sourceTree = "<group>";
		};
		33F270F01EB551F600ABF8EB /* DataManager */ = {
			isa = PBXGroup;
			children = (
				33F270F11EB551F600ABF8EB /* API */,
			);
			path = DataManager;
			sourceTree = "<group>";
		};
		33F270F11EB551F600ABF8EB /* API */ = {
			isa = PBXGroup;
			children = (
				33F270F21EB551F600ABF8EB /* CatalogueAPIDataManager.swift */,
			);
			path = API;
			sourceTree = "<group>";
		};
		33F270F51EB551F600ABF8EB /* Interactor */ = {
			isa = PBXGroup;
			children = (
				33F270F61EB551F600ABF8EB /* CatalogueInteractor.swift */,
				33F270F71EB551F600ABF8EB /* CatalogueItem.swift */,
				3310BE791EB582450005D8BE /* Shipping.swift */,
				3310BE771EB582090005D8BE /* ProductColor.swift */,
			);
			path = Interactor;
			sourceTree = "<group>";
		};
		33F270F81EB551F600ABF8EB /* Presenter */ = {
			isa = PBXGroup;
			children = (
				33F270F91EB551F600ABF8EB /* CataloguePresenter.swift */,
			);
			path = Presenter;
			sourceTree = "<group>";
		};
		33F270FA1EB551F600ABF8EB /* Protocols */ = {
			isa = PBXGroup;
			children = (
				33F270FB1EB551F600ABF8EB /* CatalogueProtocols.swift */,
			);
			path = Protocols;
			sourceTree = "<group>";
		};
		33F270FE1EB551F600ABF8EB /* WireFrame */ = {
			isa = PBXGroup;
			children = (
				33F270FF1EB551F600ABF8EB /* CatalogueWireFrame.swift */,
			);
			path = WireFrame;
			sourceTree = "<group>";
		};
		33F271081EB552F900ABF8EB /* View */ = {
			isa = PBXGroup;
			children = (
				3310BE7B1EB5F0450005D8BE /* CatalogueViewController.swift */,
				333FCEA71EB6C48D0096AC16 /* CatalogueCollectionViewCell.swift */,
				333FCEA91EB6D4D70096AC16 /* WishListTableViewCell.swift */,
				333FCEB31EB6D66D0096AC16 /* CheckOutTableViewCell.swift */,
				333FCEB61EB770A30096AC16 /* ColoursTableViewCell.swift */,
				336084521EB838D900AFB3AA /* WhishListFooterView.swift */,
				336084531EB838D900AFB3AA /* WhishListFooterView.xib */,
			);
			path = View;
			sourceTree = "<group>";
		};
		C10B4A6C5650C857F8933A91 /* Frameworks */ = {
			isa = PBXGroup;
			children = (
			);
			name = Frameworks;
			sourceTree = "<group>";
		};
/* End PBXGroup section */

/* Begin PBXNativeTarget section */
		33F270CB1EB5515500ABF8EB /* Catalogue */ = {
			isa = PBXNativeTarget;
			buildConfigurationList = 33F270E91EB5515500ABF8EB /* Build configuration list for PBXNativeTarget "Catalogue" */;
			buildPhases = (
				33F270C81EB5515500ABF8EB /* Sources */,
				33F270C91EB5515500ABF8EB /* Frameworks */,
				33F270CA1EB5515500ABF8EB /* Resources */,
				AFD3B6B598C3943D0080E1E1 /* [CP] Embed Pods Frameworks */,
			);
			buildRules = (
			);
			dependencies = (
			);
			name = Catalogue;
			packageProductDependencies = (
				33ED1AD72B801BBA0095E6BC /* SVProgressHUD */,
				33ED1ADA2B801C080095E6BC /* SwiftyJSON */,
			);
			productName = Catalogue;
			productReference = 33F270CC1EB5515500ABF8EB /* Catalogue.app */;
			productType = "com.apple.product-type.application";
		};
		33F270DF1EB5515500ABF8EB /* CatalogueTests */ = {
			isa = PBXNativeTarget;
			buildConfigurationList = 33F270EC1EB5515500ABF8EB /* Build configuration list for PBXNativeTarget "CatalogueTests" */;
			buildPhases = (
				33F270DC1EB5515500ABF8EB /* Sources */,
				33F270DD1EB5515500ABF8EB /* Frameworks */,
				33F270DE1EB5515500ABF8EB /* Resources */,
			);
			buildRules = (
			);
			dependencies = (
				33F270E21EB5515500ABF8EB /* PBXTargetDependency */,
			);
			name = CatalogueTests;
			productName = CatalogueTests;
			productReference = 33F270E01EB5515500ABF8EB /* CatalogueTests.xctest */;
			productType = "com.apple.product-type.bundle.unit-test";
		};
/* End PBXNativeTarget section */

/* Begin PBXProject section */
		33F270C41EB5515500ABF8EB /* Project object */ = {
			isa = PBXProject;
			attributes = {
				LastSwiftUpdateCheck = 0830;
				LastUpgradeCheck = 0830;
				ORGANIZATIONNAME = "Valeriy Kliuk";
				TargetAttributes = {
					33F270CB1EB5515500ABF8EB = {
						CreatedOnToolsVersion = 8.3.2;
						DevelopmentTeam = C7TS7YA99B;
						LastSwiftMigration = "";
						ProvisioningStyle = Automatic;
					};
					33F270DF1EB5515500ABF8EB = {
						CreatedOnToolsVersion = 8.3.2;
						LastSwiftMigration = "";
						ProvisioningStyle = Automatic;
						TestTargetID = 33F270CB1EB5515500ABF8EB;
					};
				};
			};
			buildConfigurationList = 33F270C71EB5515500ABF8EB /* Build configuration list for PBXProject "Catalogue" */;
			compatibilityVersion = "Xcode 3.2";
			developmentRegion = English;
			hasScannedForEncodings = 0;
			knownRegions = (
				English,
				en,
				Base,
			);
			mainGroup = 33F270C31EB5515500ABF8EB;
			packageReferences = (
				33ED1AD62B801BBA0095E6BC /* XCRemoteSwiftPackageReference "SVProgressHUD" */,
				33ED1AD92B801C080095E6BC /* XCRemoteSwiftPackageReference "SwiftyJSON" */,
			);
			productRefGroup = 33F270CD1EB5515500ABF8EB /* Products */;
			projectDirPath = "";
			projectRoot = "";
			targets = (
				33F270CB1EB5515500ABF8EB /* Catalogue */,
				33F270DF1EB5515500ABF8EB /* CatalogueTests */,
			);
		};
/* End PBXProject section */

/* Begin PBXResourcesBuildPhase section */
		33F270CA1EB5515500ABF8EB /* Resources */ = {
			isa = PBXResourcesBuildPhase;
			buildActionMask = 2147483647;
			files = (
				336084551EB838D900AFB3AA /* WhishListFooterView.xib in Resources */,
				33F270DA1EB5515500ABF8EB /* LaunchScreen.storyboard in Resources */,
				33F270D71EB5515500ABF8EB /* Assets.xcassets in Resources */,
				33F270D51EB5515500ABF8EB /* Main.storyboard in Resources */,
				3310BE7E1EB5F2080005D8BE /* catalogue.json in Resources */,
				3310BE971EB6310F0005D8BE /* Detail.storyboard in Resources */,
			);
			runOnlyForDeploymentPostprocessing = 0;
		};
		33F270DE1EB5515500ABF8EB /* Resources */ = {
			isa = PBXResourcesBuildPhase;
			buildActionMask = 2147483647;
			files = (
				3310BE7F1EB5FCCD0005D8BE /* catalogue.json in Resources */,
			);
			runOnlyForDeploymentPostprocessing = 0;
		};
/* End PBXResourcesBuildPhase section */

/* Begin PBXShellScriptBuildPhase section */
		AFD3B6B598C3943D0080E1E1 /* [CP] Embed Pods Frameworks */ = {
			isa = PBXShellScriptBuildPhase;
			buildActionMask = 2147483647;
			files = (
			);
			inputPaths = (
			);
			name = "[CP] Embed Pods Frameworks";
			outputPaths = (
			);
			runOnlyForDeploymentPostprocessing = 0;
			shellPath = /bin/sh;
			shellScript = "
";
			showEnvVarsInLog = 0;
		};
/* End PBXShellScriptBuildPhase section */

/* Begin PBXSourcesBuildPhase section */
		33F270C81EB5515500ABF8EB /* Sources */ = {
			isa = PBXSourcesBuildPhase;
			buildActionMask = 2147483647;
			files = (
				3310BE7C1EB5F0450005D8BE /* CatalogueViewController.swift in Sources */,
				333FCEAE1EB6D5590096AC16 /* ProductDetailTableViewCell.swift in Sources */,
				333FCEA81EB6C48D0096AC16 /* CatalogueCollectionViewCell.swift in Sources */,
				3310BE9C1EB633540005D8BE /* ProductViewController.swift in Sources */,
				333FCEAA1EB6D4D70096AC16 /* WishListTableViewCell.swift in Sources */,
				33F271071EB551F600ABF8EB /* CatalogueWireFrame.swift in Sources */,
				333FCEB01EB6D5750096AC16 /* ProductRateTableViewCell.swift in Sources */,
				3360844B1EB8095500AFB3AA /* RatingControl.swift in Sources */,
				33F271031EB551F600ABF8EB /* CatalogueItem.swift in Sources */,
				3310BE781EB582090005D8BE /* ProductColor.swift in Sources */,
				3360844D1EB818E800AFB3AA /* ProductViewModel.swift in Sources */,
				3310BE7A1EB582450005D8BE /* Shipping.swift in Sources */,
				33F271041EB551F600ABF8EB /* CataloguePresenter.swift in Sources */,
				333FCEB41EB6D66D0096AC16 /* CheckOutTableViewCell.swift in Sources */,
				336084541EB838D900AFB3AA /* WhishListFooterView.swift in Sources */,
				33F271001EB551F600ABF8EB /* CatalogueAPIDataManager.swift in Sources */,
				3310BE761EB581D90005D8BE /* Utils.swift in Sources */,
				33F270D01EB5515500ABF8EB /* AppDelegate.swift in Sources */,
				333FCEB71EB770A30096AC16 /* ColoursTableViewCell.swift in Sources */,
				33F271051EB551F600ABF8EB /* CatalogueProtocols.swift in Sources */,
				333FCEAC1EB6D5370096AC16 /* ProductTableViewCell.swift in Sources */,
				3310BE9A1EB631D30005D8BE /* WishListController.swift in Sources */,
				333FCEB21EB6D5AB0096AC16 /* ActionTableViewCell.swift in Sources */,
				33F271021EB551F600ABF8EB /* CatalogueInteractor.swift in Sources */,
			);
			runOnlyForDeploymentPostprocessing = 0;
		};
		33F270DC1EB5515500ABF8EB /* Sources */ = {
			isa = PBXSourcesBuildPhase;
			buildActionMask = 2147483647;
			files = (
				33F270E51EB5515500ABF8EB /* CatalogueTests.swift in Sources */,
			);
			runOnlyForDeploymentPostprocessing = 0;
		};
/* End PBXSourcesBuildPhase section */

/* Begin PBXTargetDependency section */
		33F270E21EB5515500ABF8EB /* PBXTargetDependency */ = {
			isa = PBXTargetDependency;
			target = 33F270CB1EB5515500ABF8EB /* Catalogue */;
			targetProxy = 33F270E11EB5515500ABF8EB /* PBXContainerItemProxy */;
		};
/* End PBXTargetDependency section */

/* Begin PBXVariantGroup section */
		3310BE951EB6310F0005D8BE /* Detail.storyboard */ = {
			isa = PBXVariantGroup;
			children = (
				3310BE961EB6310F0005D8BE /* Base */,
			);
			name = Detail.storyboard;
			sourceTree = "<group>";
		};
		33F270D31EB5515500ABF8EB /* Main.storyboard */ = {
			isa = PBXVariantGroup;
			children = (
				33F270D41EB5515500ABF8EB /* Base */,
			);
			name = Main.storyboard;
			sourceTree = "<group>";
		};
		33F270D81EB5515500ABF8EB /* LaunchScreen.storyboard */ = {
			isa = PBXVariantGroup;
			children = (
				33F270D91EB5515500ABF8EB /* Base */,
			);
			name = LaunchScreen.storyboard;
			sourceTree = "<group>";
		};
/* End PBXVariantGroup section */

/* Begin XCBuildConfiguration section */
		33F270E71EB5515500ABF8EB /* Debug */ = {
			isa = XCBuildConfiguration;
			buildSettings = {
				ALWAYS_SEARCH_USER_PATHS = NO;
				CLANG_ANALYZER_NONNULL = YES;
				CLANG_ANALYZER_NUMBER_OBJECT_CONVERSION = YES_AGGRESSIVE;
				CLANG_CXX_LANGUAGE_STANDARD = "gnu++0x";
				CLANG_CXX_LIBRARY = "libc++";
				CLANG_ENABLE_MODULES = YES;
				CLANG_ENABLE_OBJC_ARC = YES;
				CLANG_WARN_BOOL_CONVERSION = YES;
				CLANG_WARN_CONSTANT_CONVERSION = YES;
				CLANG_WARN_DIRECT_OBJC_ISA_USAGE = YES_ERROR;
				CLANG_WARN_DOCUMENTATION_COMMENTS = YES;
				CLANG_WARN_EMPTY_BODY = YES;
				CLANG_WARN_ENUM_CONVERSION = YES;
				CLANG_WARN_INFINITE_RECURSION = YES;
				CLANG_WARN_INT_CONVERSION = YES;
				CLANG_WARN_OBJC_ROOT_CLASS = YES_ERROR;
				CLANG_WARN_SUSPICIOUS_MOVE = YES;
				CLANG_WARN_UNREACHABLE_CODE = YES;
				CLANG_WARN__DUPLICATE_METHOD_MATCH = YES;
				"CODE_SIGN_IDENTITY[sdk=iphoneos*]" = "iPhone Developer";
				COPY_PHASE_STRIP = NO;
				DEBUG_INFORMATION_FORMAT = dwarf;
				ENABLE_STRICT_OBJC_MSGSEND = YES;
				ENABLE_TESTABILITY = YES;
				GCC_C_LANGUAGE_STANDARD = gnu99;
				GCC_DYNAMIC_NO_PIC = NO;
				GCC_NO_COMMON_BLOCKS = YES;
				GCC_OPTIMIZATION_LEVEL = 0;
				GCC_PREPROCESSOR_DEFINITIONS = (
					"DEBUG=1",
					"$(inherited)",
				);
				GCC_WARN_64_TO_32_BIT_CONVERSION = YES;
				GCC_WARN_ABOUT_RETURN_TYPE = YES_ERROR;
				GCC_WARN_UNDECLARED_SELECTOR = YES;
				GCC_WARN_UNINITIALIZED_AUTOS = YES_AGGRESSIVE;
				GCC_WARN_UNUSED_FUNCTION = YES;
				GCC_WARN_UNUSED_VARIABLE = YES;
				IPHONEOS_DEPLOYMENT_TARGET = 12.4;
				MTL_ENABLE_DEBUG_INFO = YES;
				ONLY_ACTIVE_ARCH = YES;
				SDKROOT = iphoneos;
				SWIFT_ACTIVE_COMPILATION_CONDITIONS = DEBUG;
				SWIFT_OPTIMIZATION_LEVEL = "-Onone";
			};
			name = Debug;
		};
		33F270E81EB5515500ABF8EB /* Release */ = {
			isa = XCBuildConfiguration;
			buildSettings = {
				ALWAYS_SEARCH_USER_PATHS = NO;
				CLANG_ANALYZER_NONNULL = YES;
				CLANG_ANALYZER_NUMBER_OBJECT_CONVERSION = YES_AGGRESSIVE;
				CLANG_CXX_LANGUAGE_STANDARD = "gnu++0x";
				CLANG_CXX_LIBRARY = "libc++";
				CLANG_ENABLE_MODULES = YES;
				CLANG_ENABLE_OBJC_ARC = YES;
				CLANG_WARN_BOOL_CONVERSION = YES;
				CLANG_WARN_CONSTANT_CONVERSION = YES;
				CLANG_WARN_DIRECT_OBJC_ISA_USAGE = YES_ERROR;
				CLANG_WARN_DOCUMENTATION_COMMENTS = YES;
				CLANG_WARN_EMPTY_BODY = YES;
				CLANG_WARN_ENUM_CONVERSION = YES;
				CLANG_WARN_INFINITE_RECURSION = YES;
				CLANG_WARN_INT_CONVERSION = YES;
				CLANG_WARN_OBJC_ROOT_CLASS = YES_ERROR;
				CLANG_WARN_SUSPICIOUS_MOVE = YES;
				CLANG_WARN_UNREACHABLE_CODE = YES;
				CLANG_WARN__DUPLICATE_METHOD_MATCH = YES;
				"CODE_SIGN_IDENTITY[sdk=iphoneos*]" = "iPhone Developer";
				COPY_PHASE_STRIP = NO;
				DEBUG_INFORMATION_FORMAT = "dwarf-with-dsym";
				ENABLE_NS_ASSERTIONS = NO;
				ENABLE_STRICT_OBJC_MSGSEND = YES;
				GCC_C_LANGUAGE_STANDARD = gnu99;
				GCC_NO_COMMON_BLOCKS = YES;
				GCC_WARN_64_TO_32_BIT_CONVERSION = YES;
				GCC_WARN_ABOUT_RETURN_TYPE = YES_ERROR;
				GCC_WARN_UNDECLARED_SELECTOR = YES;
				GCC_WARN_UNINITIALIZED_AUTOS = YES_AGGRESSIVE;
				GCC_WARN_UNUSED_FUNCTION = YES;
				GCC_WARN_UNUSED_VARIABLE = YES;
				IPHONEOS_DEPLOYMENT_TARGET = 12.4;
				MTL_ENABLE_DEBUG_INFO = NO;
				SDKROOT = iphoneos;
				SWIFT_COMPILATION_MODE = wholemodule;
				SWIFT_OPTIMIZATION_LEVEL = "-O";
				VALIDATE_PRODUCT = YES;
			};
			name = Release;
		};
		33F270EA1EB5515500ABF8EB /* Debug */ = {
			isa = XCBuildConfiguration;
			buildSettings = {
				ASSETCATALOG_COMPILER_APPICON_NAME = AppIcon;
				DEVELOPMENT_TEAM = C7TS7YA99B;
				INFOPLIST_FILE = Catalogue/Info.plist;
				IPHONEOS_DEPLOYMENT_TARGET = 12.4;
				LD_RUNPATH_SEARCH_PATHS = (
					"$(inherited)",
					"@executable_path/Frameworks",
				);
				PRODUCT_BUNDLE_IDENTIFIER = ca.kliuk.Catalogue;
				PRODUCT_NAME = "$(TARGET_NAME)";
				SWIFT_OBJC_BRIDGING_HEADER = "Catalogue/Catalogue-Bridging-Header.h";
				SWIFT_VERSION = 4.2;
				TARGETED_DEVICE_FAMILY = "1,2";
			};
			name = Debug;
		};
		33F270EB1EB5515500ABF8EB /* Release */ = {
			isa = XCBuildConfiguration;
			buildSettings = {
				ASSETCATALOG_COMPILER_APPICON_NAME = AppIcon;
				DEVELOPMENT_TEAM = C7TS7YA99B;
				INFOPLIST_FILE = Catalogue/Info.plist;
				IPHONEOS_DEPLOYMENT_TARGET = 12.4;
				LD_RUNPATH_SEARCH_PATHS = (
					"$(inherited)",
					"@executable_path/Frameworks",
				);
				PRODUCT_BUNDLE_IDENTIFIER = ca.kliuk.Catalogue;
				PRODUCT_NAME = "$(TARGET_NAME)";
				SWIFT_OBJC_BRIDGING_HEADER = "Catalogue/Catalogue-Bridging-Header.h";
				SWIFT_VERSION = 4.2;
				TARGETED_DEVICE_FAMILY = "1,2";
			};
			name = Release;
		};
		33F270ED1EB5515500ABF8EB /* Debug */ = {
			isa = XCBuildConfiguration;
			buildSettings = {
				ALWAYS_EMBED_SWIFT_STANDARD_LIBRARIES = YES;
				BUNDLE_LOADER = "$(TEST_HOST)";
				INFOPLIST_FILE = CatalogueTests/Info.plist;
				LD_RUNPATH_SEARCH_PATHS = (
					"$(inherited)",
					"@executable_path/Frameworks",
					"@loader_path/Frameworks",
				);
				PRODUCT_BUNDLE_IDENTIFIER = ca.kliuk.CatalogueTests;
				PRODUCT_NAME = "$(TARGET_NAME)";
				SWIFT_VERSION = 4.2;
				TARGETED_DEVICE_FAMILY = "1,2";
				TEST_HOST = "$(BUILT_PRODUCTS_DIR)/Catalogue.app/Catalogue";
			};
			name = Debug;
		};
		33F270EE1EB5515500ABF8EB /* Release */ = {
			isa = XCBuildConfiguration;
			buildSettings = {
				ALWAYS_EMBED_SWIFT_STANDARD_LIBRARIES = YES;
				BUNDLE_LOADER = "$(TEST_HOST)";
				INFOPLIST_FILE = CatalogueTests/Info.plist;
				LD_RUNPATH_SEARCH_PATHS = (
					"$(inherited)",
					"@executable_path/Frameworks",
					"@loader_path/Frameworks",
				);
				PRODUCT_BUNDLE_IDENTIFIER = ca.kliuk.CatalogueTests;
				PRODUCT_NAME = "$(TARGET_NAME)";
				SWIFT_VERSION = 4.2;
				TARGETED_DEVICE_FAMILY = "1,2";
				TEST_HOST = "$(BUILT_PRODUCTS_DIR)/Catalogue.app/Catalogue";
			};
			name = Release;
		};
/* End XCBuildConfiguration section */

/* Begin XCConfigurationList section */
		33F270C71EB5515500ABF8EB /* Build configuration list for PBXProject "Catalogue" */ = {
			isa = XCConfigurationList;
			buildConfigurations = (
				33F270E71EB5515500ABF8EB /* Debug */,
				33F270E81EB5515500ABF8EB /* Release */,
			);
			defaultConfigurationIsVisible = 0;
			defaultConfigurationName = Release;
		};
		33F270E91EB5515500ABF8EB /* Build configuration list for PBXNativeTarget "Catalogue" */ = {
			isa = XCConfigurationList;
			buildConfigurations = (
				33F270EA1EB5515500ABF8EB /* Debug */,
				33F270EB1EB5515500ABF8EB /* Release */,
			);
			defaultConfigurationIsVisible = 0;
			defaultConfigurationName = Release;
		};
		33F270EC1EB5515500ABF8EB /* Build configuration list for PBXNativeTarget "CatalogueTests" */ = {
			isa = XCConfigurationList;
			buildConfigurations = (
				33F270ED1EB5515500ABF8EB /* Debug */,
				33F270EE1EB5515500ABF8EB /* Release */,
			);
			defaultConfigurationIsVisible = 0;
			defaultConfigurationName = Release;
		};
/* End XCConfigurationList section */

/* Begin XCRemoteSwiftPackageReference section */
		33ED1AD62B801BBA0095E6BC /* XCRemoteSwiftPackageReference "SVProgressHUD" */ = {
			isa = XCRemoteSwiftPackageReference;
			repositoryURL = "https://github.com/SVProgressHUD/SVProgressHUD.git";
			requirement = {
				kind = upToNextMajorVersion;
				minimumVersion = 2.3.1;
			};
		};
		33ED1AD92B801C080095E6BC /* XCRemoteSwiftPackageReference "SwiftyJSON" */ = {
			isa = XCRemoteSwiftPackageReference;
			repositoryURL = "https://github.com/SwiftyJSON/SwiftyJSON";
			requirement = {
				kind = upToNextMajorVersion;
				minimumVersion = 5.0.1;
			};
		};
/* End XCRemoteSwiftPackageReference section */

/* Begin XCSwiftPackageProductDependency section */
		33ED1AD72B801BBA0095E6BC /* SVProgressHUD */ = {
			isa = XCSwiftPackageProductDependency;
			package = 33ED1AD62B801BBA0095E6BC /* XCRemoteSwiftPackageReference "SVProgressHUD" */;
			productName = SVProgressHUD;
		};
		33ED1ADA2B801C080095E6BC /* SwiftyJSON */ = {
			isa = XCSwiftPackageProductDependency;
			package = 33ED1AD92B801C080095E6BC /* XCRemoteSwiftPackageReference "SwiftyJSON" */;
			productName = SwiftyJSON;
		};
/* End XCSwiftPackageProductDependency section */
	};
	rootObject = 33F270C41EB5515500ABF8EB /* Project object */;
}
